// !$*UTF8*$!
{
	archiveVersion = 1;
	classes = {
	};
	objectVersion = 56;
	objects = {

/* Begin PBXBuildFile section */
		B4018706298F2789003A21A5 /* SideMenuOptionViewModel.swift in Sources */ = {isa = PBXBuildFile; fileRef = B4018705298F2789003A21A5 /* SideMenuOptionViewModel.swift */; };
		B41A35BC299534A8003B4E12 /* Trip.swift in Sources */ = {isa = PBXBuildFile; fileRef = B41A35BB299534A8003B4E12 /* Trip.swift */; };
		B41D37482992DFE400714A59 /* DriverAnnotation.swift in Sources */ = {isa = PBXBuildFile; fileRef = B41D37472992DFE400714A59 /* DriverAnnotation.swift */; };
		B41D374B2992EA7300714A59 /* UserService.swift in Sources */ = {isa = PBXBuildFile; fileRef = B41D374A2992EA7300714A59 /* UserService.swift */; };
		B41E9DF3298C045F00ADF648 /* Double.swift in Sources */ = {isa = PBXBuildFile; fileRef = B41E9DF2298C045F00ADF648 /* Double.swift */; };
		B41E9DF5298C075800ADF648 /* UberLocation.swift in Sources */ = {isa = PBXBuildFile; fileRef = B41E9DF4298C075800ADF648 /* UberLocation.swift */; };
		B42E32E329957BBD00A64028 /* GeoPoint.swift in Sources */ = {isa = PBXBuildFile; fileRef = B42E32E229957BBD00A64028 /* GeoPoint.swift */; };
		B42F857B298BF797004A7C24 /* RideType.swift in Sources */ = {isa = PBXBuildFile; fileRef = B42F857A298BF797004A7C24 /* RideType.swift */; };
		B443C3B329894DC10010B4D2 /* UberCloneApp.swift in Sources */ = {isa = PBXBuildFile; fileRef = B443C3B229894DC10010B4D2 /* UberCloneApp.swift */; };
		B443C3B729894DC10010B4D2 /* Assets.xcassets in Resources */ = {isa = PBXBuildFile; fileRef = B443C3B629894DC10010B4D2 /* Assets.xcassets */; };
		B443C3BA29894DC10010B4D2 /* Preview Assets.xcassets in Resources */ = {isa = PBXBuildFile; fileRef = B443C3B929894DC10010B4D2 /* Preview Assets.xcassets */; };
		B443C3C829894E8B0010B4D2 /* HomeView.swift in Sources */ = {isa = PBXBuildFile; fileRef = B443C3C729894E8B0010B4D2 /* HomeView.swift */; };
		B443C3CA29894EDA0010B4D2 /* UberMapViewRepresentable.swift in Sources */ = {isa = PBXBuildFile; fileRef = B443C3C929894EDA0010B4D2 /* UberMapViewRepresentable.swift */; };
		B443C3CC298950F30010B4D2 /* LocationManager.swift in Sources */ = {isa = PBXBuildFile; fileRef = B443C3CB298950F30010B4D2 /* LocationManager.swift */; };
		B443C3D229895A7E0010B4D2 /* LocationSearchActivationView.swift in Sources */ = {isa = PBXBuildFile; fileRef = B443C3D129895A7E0010B4D2 /* LocationSearchActivationView.swift */; };
		B443C3D629895BD20010B4D2 /* MapViewActionButton.swift in Sources */ = {isa = PBXBuildFile; fileRef = B443C3D529895BD20010B4D2 /* MapViewActionButton.swift */; };
		B443C3D829895D610010B4D2 /* LocationSearchView.swift in Sources */ = {isa = PBXBuildFile; fileRef = B443C3D729895D610010B4D2 /* LocationSearchView.swift */; };
		B443C3DA298960210010B4D2 /* LocationSearchResultCell.swift in Sources */ = {isa = PBXBuildFile; fileRef = B443C3D9298960210010B4D2 /* LocationSearchResultCell.swift */; };
		B46017D029917C7C0057B879 /* GoogleService-Info.plist in Resources */ = {isa = PBXBuildFile; fileRef = B46017CF29917C7C0057B879 /* GoogleService-Info.plist */; };
		B46017D22991834E0057B879 /* SavedLocationViewModel.swift in Sources */ = {isa = PBXBuildFile; fileRef = B46017D12991834E0057B879 /* SavedLocationViewModel.swift */; };
		B46017D42991862D0057B879 /* SavedLocationSearchView.swift in Sources */ = {isa = PBXBuildFile; fileRef = B46017D32991862D0057B879 /* SavedLocationSearchView.swift */; };
		B46017D629918C6B0057B879 /* LocationSearchResultsView.swift in Sources */ = {isa = PBXBuildFile; fileRef = B46017D529918C6B0057B879 /* LocationSearchResultsView.swift */; };
		B476D56D2992BCCC007BAAE5 /* SavedLocation.swift in Sources */ = {isa = PBXBuildFile; fileRef = B476D56C2992BCCC007BAAE5 /* SavedLocation.swift */; };
		B476D56F2992C947007BAAE5 /* DeveloperPreview.swift in Sources */ = {isa = PBXBuildFile; fileRef = B476D56E2992C947007BAAE5 /* DeveloperPreview.swift */; };
		B476D5712992D146007BAAE5 /* HomeViewModel.swift in Sources */ = {isa = PBXBuildFile; fileRef = B476D5702992D146007BAAE5 /* HomeViewModel.swift */; };
		B4A98FF1298EFBEF00599A93 /* User.swift in Sources */ = {isa = PBXBuildFile; fileRef = B4A98FF0298EFBEF00599A93 /* User.swift */; };
		B4A98FF6298F01F700599A93 /* SideMenuView.swift in Sources */ = {isa = PBXBuildFile; fileRef = B4A98FF5298F01F700599A93 /* SideMenuView.swift */; };
		B4B171EE298C29090037C487 /* Color.swift in Sources */ = {isa = PBXBuildFile; fileRef = B4B171ED298C29090037C487 /* Color.swift */; };
		B4B171F3298C2F5A0037C487 /* LoginView.swift in Sources */ = {isa = PBXBuildFile; fileRef = B4B171F2298C2F5A0037C487 /* LoginView.swift */; };
		B4B171F5298C2F640037C487 /* RegistrationView.swift in Sources */ = {isa = PBXBuildFile; fileRef = B4B171F4298C2F640037C487 /* RegistrationView.swift */; };
		B4CC95A429914D830038F191 /* SettingsView.swift in Sources */ = {isa = PBXBuildFile; fileRef = B4CC95A329914D830038F191 /* SettingsView.swift */; };
		B4D3CAFB298DA3E60095FCEB /* FirebaseAuth in Frameworks */ = {isa = PBXBuildFile; productRef = B4D3CAFA298DA3E60095FCEB /* FirebaseAuth */; };
		B4D3CAFD298DA3E60095FCEB /* FirebaseFirestore in Frameworks */ = {isa = PBXBuildFile; productRef = B4D3CAFC298DA3E60095FCEB /* FirebaseFirestore */; };
		B4D3CAFF298DA3E60095FCEB /* FirebaseFirestoreSwift in Frameworks */ = {isa = PBXBuildFile; productRef = B4D3CAFE298DA3E60095FCEB /* FirebaseFirestoreSwift */; };
		B4D3CB01298DA3E60095FCEB /* FirebaseStorage in Frameworks */ = {isa = PBXBuildFile; productRef = B4D3CB00298DA3E60095FCEB /* FirebaseStorage */; };
		B4D3CB03298DA6290095FCEB /* AuthViewModel.swift in Sources */ = {isa = PBXBuildFile; fileRef = B4D3CB02298DA6290095FCEB /* AuthViewModel.swift */; };
		B4DA4EDC298AA90000B10A9A /* MapViewState.swift in Sources */ = {isa = PBXBuildFile; fileRef = B4DA4EDB298AA90000B10A9A /* MapViewState.swift */; };
		B4DA4EE1298AB74A00B10A9A /* RideRequestView.swift in Sources */ = {isa = PBXBuildFile; fileRef = B4DA4EE0298AB74A00B10A9A /* RideRequestView.swift */; };
		B4FB06F52993E7B4004092DA /* AcceptTripView.swift in Sources */ = {isa = PBXBuildFile; fileRef = B4FB06F42993E7B4004092DA /* AcceptTripView.swift */; };
/* End PBXBuildFile section */

/* Begin PBXFileReference section */
		B4018705298F2789003A21A5 /* SideMenuOptionViewModel.swift */ = {isa = PBXFileReference; lastKnownFileType = sourcecode.swift; path = SideMenuOptionViewModel.swift; sourceTree = "<group>"; };
		B41A35BB299534A8003B4E12 /* Trip.swift */ = {isa = PBXFileReference; lastKnownFileType = sourcecode.swift; path = Trip.swift; sourceTree = "<group>"; };
		B41D37472992DFE400714A59 /* DriverAnnotation.swift */ = {isa = PBXFileReference; lastKnownFileType = sourcecode.swift; path = DriverAnnotation.swift; sourceTree = "<group>"; };
		B41D374A2992EA7300714A59 /* UserService.swift */ = {isa = PBXFileReference; lastKnownFileType = sourcecode.swift; path = UserService.swift; sourceTree = "<group>"; };
		B41E9DF2298C045F00ADF648 /* Double.swift */ = {isa = PBXFileReference; lastKnownFileType = sourcecode.swift; path = Double.swift; sourceTree = "<group>"; };
		B41E9DF4298C075800ADF648 /* UberLocation.swift */ = {isa = PBXFileReference; lastKnownFileType = sourcecode.swift; path = UberLocation.swift; sourceTree = "<group>"; };
		B42E32E229957BBD00A64028 /* GeoPoint.swift */ = {isa = PBXFileReference; lastKnownFileType = sourcecode.swift; path = GeoPoint.swift; sourceTree = "<group>"; };
		B42F857A298BF797004A7C24 /* RideType.swift */ = {isa = PBXFileReference; lastKnownFileType = sourcecode.swift; path = RideType.swift; sourceTree = "<group>"; };
		B443C3AF29894DC10010B4D2 /* UberClone.app */ = {isa = PBXFileReference; explicitFileType = wrapper.application; includeInIndex = 0; path = UberClone.app; sourceTree = BUILT_PRODUCTS_DIR; };
		B443C3B229894DC10010B4D2 /* UberCloneApp.swift */ = {isa = PBXFileReference; lastKnownFileType = sourcecode.swift; path = UberCloneApp.swift; sourceTree = "<group>"; };
		B443C3B629894DC10010B4D2 /* Assets.xcassets */ = {isa = PBXFileReference; lastKnownFileType = folder.assetcatalog; path = Assets.xcassets; sourceTree = "<group>"; };
		B443C3B929894DC10010B4D2 /* Preview Assets.xcassets */ = {isa = PBXFileReference; lastKnownFileType = folder.assetcatalog; path = "Preview Assets.xcassets"; sourceTree = "<group>"; };
		B443C3C729894E8B0010B4D2 /* HomeView.swift */ = {isa = PBXFileReference; lastKnownFileType = sourcecode.swift; path = HomeView.swift; sourceTree = "<group>"; };
		B443C3C929894EDA0010B4D2 /* UberMapViewRepresentable.swift */ = {isa = PBXFileReference; lastKnownFileType = sourcecode.swift; path = UberMapViewRepresentable.swift; sourceTree = "<group>"; };
		B443C3CB298950F30010B4D2 /* LocationManager.swift */ = {isa = PBXFileReference; lastKnownFileType = sourcecode.swift; path = LocationManager.swift; sourceTree = "<group>"; };
		B443C3D129895A7E0010B4D2 /* LocationSearchActivationView.swift */ = {isa = PBXFileReference; lastKnownFileType = sourcecode.swift; path = LocationSearchActivationView.swift; sourceTree = "<group>"; };
		B443C3D529895BD20010B4D2 /* MapViewActionButton.swift */ = {isa = PBXFileReference; lastKnownFileType = sourcecode.swift; path = MapViewActionButton.swift; sourceTree = "<group>"; };
		B443C3D729895D610010B4D2 /* LocationSearchView.swift */ = {isa = PBXFileReference; lastKnownFileType = sourcecode.swift; path = LocationSearchView.swift; sourceTree = "<group>"; };
		B443C3D9298960210010B4D2 /* LocationSearchResultCell.swift */ = {isa = PBXFileReference; lastKnownFileType = sourcecode.swift; path = LocationSearchResultCell.swift; sourceTree = "<group>"; };
		B46017CF29917C7C0057B879 /* GoogleService-Info.plist */ = {isa = PBXFileReference; fileEncoding = 4; lastKnownFileType = text.plist.xml; path = "GoogleService-Info.plist"; sourceTree = "<group>"; };
		B46017D12991834E0057B879 /* SavedLocationViewModel.swift */ = {isa = PBXFileReference; lastKnownFileType = sourcecode.swift; path = SavedLocationViewModel.swift; sourceTree = "<group>"; };
		B46017D32991862D0057B879 /* SavedLocationSearchView.swift */ = {isa = PBXFileReference; lastKnownFileType = sourcecode.swift; path = SavedLocationSearchView.swift; sourceTree = "<group>"; };
		B46017D529918C6B0057B879 /* LocationSearchResultsView.swift */ = {isa = PBXFileReference; lastKnownFileType = sourcecode.swift; path = LocationSearchResultsView.swift; sourceTree = "<group>"; };
		B476D56C2992BCCC007BAAE5 /* SavedLocation.swift */ = {isa = PBXFileReference; lastKnownFileType = sourcecode.swift; path = SavedLocation.swift; sourceTree = "<group>"; };
		B476D56E2992C947007BAAE5 /* DeveloperPreview.swift */ = {isa = PBXFileReference; lastKnownFileType = sourcecode.swift; path = DeveloperPreview.swift; sourceTree = "<group>"; };
		B476D5702992D146007BAAE5 /* HomeViewModel.swift */ = {isa = PBXFileReference; lastKnownFileType = sourcecode.swift; path = HomeViewModel.swift; sourceTree = "<group>"; };
		B4A98FF0298EFBEF00599A93 /* User.swift */ = {isa = PBXFileReference; lastKnownFileType = sourcecode.swift; path = User.swift; sourceTree = "<group>"; };
		B4A98FF5298F01F700599A93 /* SideMenuView.swift */ = {isa = PBXFileReference; lastKnownFileType = sourcecode.swift; path = SideMenuView.swift; sourceTree = "<group>"; };
		B4B171ED298C29090037C487 /* Color.swift */ = {isa = PBXFileReference; lastKnownFileType = sourcecode.swift; path = Color.swift; sourceTree = "<group>"; };
		B4B171F2298C2F5A0037C487 /* LoginView.swift */ = {isa = PBXFileReference; lastKnownFileType = sourcecode.swift; path = LoginView.swift; sourceTree = "<group>"; };
		B4B171F4298C2F640037C487 /* RegistrationView.swift */ = {isa = PBXFileReference; lastKnownFileType = sourcecode.swift; path = RegistrationView.swift; sourceTree = "<group>"; };
		B4CC95A329914D830038F191 /* SettingsView.swift */ = {isa = PBXFileReference; lastKnownFileType = sourcecode.swift; path = SettingsView.swift; sourceTree = "<group>"; };
		B4D3CB02298DA6290095FCEB /* AuthViewModel.swift */ = {isa = PBXFileReference; lastKnownFileType = sourcecode.swift; path = AuthViewModel.swift; sourceTree = "<group>"; };
		B4DA4EDB298AA90000B10A9A /* MapViewState.swift */ = {isa = PBXFileReference; lastKnownFileType = sourcecode.swift; path = MapViewState.swift; sourceTree = "<group>"; };
		B4DA4EE0298AB74A00B10A9A /* RideRequestView.swift */ = {isa = PBXFileReference; lastKnownFileType = sourcecode.swift; path = RideRequestView.swift; sourceTree = "<group>"; };
		B4FB06F42993E7B4004092DA /* AcceptTripView.swift */ = {isa = PBXFileReference; lastKnownFileType = sourcecode.swift; path = AcceptTripView.swift; sourceTree = "<group>"; };
/* End PBXFileReference section */

/* Begin PBXFrameworksBuildPhase section */
		B443C3AC29894DC10010B4D2 /* Frameworks */ = {
			isa = PBXFrameworksBuildPhase;
			buildActionMask = 2147483647;
			files = (
				B4D3CAFB298DA3E60095FCEB /* FirebaseAuth in Frameworks */,
				B4D3CB01298DA3E60095FCEB /* FirebaseStorage in Frameworks */,
				B4D3CAFD298DA3E60095FCEB /* FirebaseFirestore in Frameworks */,
				B4D3CAFF298DA3E60095FCEB /* FirebaseFirestoreSwift in Frameworks */,
			);
			runOnlyForDeploymentPostprocessing = 0;
		};
/* End PBXFrameworksBuildPhase section */

/* Begin PBXGroup section */
		B41D37492992EA6200714A59 /* Services */ = {
			isa = PBXGroup;
			children = (
				B41D374A2992EA7300714A59 /* UserService.swift */,
			);
			path = Services;
			sourceTree = "<group>";
		};
		B443C3A629894DC10010B4D2 = {
			isa = PBXGroup;
			children = (
				B443C3B129894DC10010B4D2 /* UberClone */,
				B443C3B029894DC10010B4D2 /* Products */,
			);
			sourceTree = "<group>";
		};
		B443C3B029894DC10010B4D2 /* Products */ = {
			isa = PBXGroup;
			children = (
				B443C3AF29894DC10010B4D2 /* UberClone.app */,
			);
			name = Products;
			sourceTree = "<group>";
		};
		B443C3B129894DC10010B4D2 /* UberClone */ = {
			isa = PBXGroup;
			children = (
				B41D37492992EA6200714A59 /* Services */,
				B443C3C429894DF20010B4D2 /* App  */,
				B443C3C329894DF00010B4D2 /* Core */,
				B443C3C229894DE50010B4D2 /* Extensions */,
				B443C3C129894DE20010B4D2 /* Managers */,
				B443C3C029894DDF0010B4D2 /* Models */,
				B443C3B629894DC10010B4D2 /* Assets.xcassets */,
				B46017CF29917C7C0057B879 /* GoogleService-Info.plist */,
				B443C3B829894DC10010B4D2 /* Preview Content */,
			);
			path = UberClone;
			sourceTree = "<group>";
		};
		B443C3B829894DC10010B4D2 /* Preview Content */ = {
			isa = PBXGroup;
			children = (
				B443C3B929894DC10010B4D2 /* Preview Assets.xcassets */,
			);
			path = "Preview Content";
			sourceTree = "<group>";
		};
		B443C3C029894DDF0010B4D2 /* Models */ = {
			isa = PBXGroup;
			children = (
				B4DA4EDB298AA90000B10A9A /* MapViewState.swift */,
				B42F857A298BF797004A7C24 /* RideType.swift */,
				B41E9DF4298C075800ADF648 /* UberLocation.swift */,
				B4A98FF0298EFBEF00599A93 /* User.swift */,
				B476D56C2992BCCC007BAAE5 /* SavedLocation.swift */,
				B41D37472992DFE400714A59 /* DriverAnnotation.swift */,
				B41A35BB299534A8003B4E12 /* Trip.swift */,
			);
			path = Models;
			sourceTree = "<group>";
		};
		B443C3C129894DE20010B4D2 /* Managers */ = {
			isa = PBXGroup;
			children = (
				B443C3CB298950F30010B4D2 /* LocationManager.swift */,
			);
			path = Managers;
			sourceTree = "<group>";
		};
		B443C3C229894DE50010B4D2 /* Extensions */ = {
			isa = PBXGroup;
			children = (
				B41E9DF2298C045F00ADF648 /* Double.swift */,
				B4B171ED298C29090037C487 /* Color.swift */,
				B476D56E2992C947007BAAE5 /* DeveloperPreview.swift */,
				B42E32E229957BBD00A64028 /* GeoPoint.swift */,
			);
			path = Extensions;
			sourceTree = "<group>";
		};
		B443C3C329894DF00010B4D2 /* Core */ = {
			isa = PBXGroup;
			children = (
				B4CC95A229914D730038F191 /* Settings */,
				B4A98FF2298F01D800599A93 /* SideMenu */,
				B4B171EF298C2F2E0037C487 /* Authentication */,
				B4DA4EDD298AB72C00B10A9A /* Trips */,
				B443C3CE29895A4D0010B4D2 /* LocationSearch */,
				B443C3CD29895A380010B4D2 /* Home */,
			);
			path = Core;
			sourceTree = "<group>";
		};
		B443C3C429894DF20010B4D2 /* App  */ = {
			isa = PBXGroup;
			children = (
				B443C3B229894DC10010B4D2 /* UberCloneApp.swift */,
			);
			path = "App ";
			sourceTree = "<group>";
		};
		B443C3C529894E750010B4D2 /* ViewModel */ = {
			isa = PBXGroup;
			children = (
				B476D5702992D146007BAAE5 /* HomeViewModel.swift */,
			);
			path = ViewModel;
			sourceTree = "<group>";
		};
		B443C3C629894E7E0010B4D2 /* Views */ = {
			isa = PBXGroup;
			children = (
				B443C3C729894E8B0010B4D2 /* HomeView.swift */,
				B443C3C929894EDA0010B4D2 /* UberMapViewRepresentable.swift */,
				B443C3D529895BD20010B4D2 /* MapViewActionButton.swift */,
			);
			path = Views;
			sourceTree = "<group>";
		};
		B443C3CD29895A380010B4D2 /* Home */ = {
			isa = PBXGroup;
			children = (
				B443C3C529894E750010B4D2 /* ViewModel */,
				B443C3C629894E7E0010B4D2 /* Views */,
			);
			path = Home;
			sourceTree = "<group>";
		};
		B443C3CE29895A4D0010B4D2 /* LocationSearch */ = {
			isa = PBXGroup;
			children = (
				B443C3D029895A600010B4D2 /* ViewModel */,
				B443C3CF29895A5A0010B4D2 /* View */,
			);
			path = LocationSearch;
			sourceTree = "<group>";
		};
		B443C3CF29895A5A0010B4D2 /* View */ = {
			isa = PBXGroup;
			children = (
				B443C3D129895A7E0010B4D2 /* LocationSearchActivationView.swift */,
				B443C3D729895D610010B4D2 /* LocationSearchView.swift */,
				B443C3D9298960210010B4D2 /* LocationSearchResultCell.swift */,
				B46017D32991862D0057B879 /* SavedLocationSearchView.swift */,
				B46017D529918C6B0057B879 /* LocationSearchResultsView.swift */,
			);
			path = View;
			sourceTree = "<group>";
		};
		B443C3D029895A600010B4D2 /* ViewModel */ = {
			isa = PBXGroup;
			children = (
			);
			path = ViewModel;
			sourceTree = "<group>";
		};
		B4A98FF2298F01D800599A93 /* SideMenu */ = {
			isa = PBXGroup;
			children = (
				B4A98FF4298F01E700599A93 /* ViewModel */,
				B4A98FF3298F01E100599A93 /* View */,
			);
			path = SideMenu;
			sourceTree = "<group>";
		};
		B4A98FF3298F01E100599A93 /* View */ = {
			isa = PBXGroup;
			children = (
				B4A98FF5298F01F700599A93 /* SideMenuView.swift */,
			);
			path = View;
			sourceTree = "<group>";
		};
		B4A98FF4298F01E700599A93 /* ViewModel */ = {
			isa = PBXGroup;
			children = (
				B4018705298F2789003A21A5 /* SideMenuOptionViewModel.swift */,
			);
			path = ViewModel;
			sourceTree = "<group>";
		};
		B4B171EF298C2F2E0037C487 /* Authentication */ = {
			isa = PBXGroup;
			children = (
				B4B171F0298C2F3A0037C487 /* ViewModels */,
				B4B171F1298C2F460037C487 /* Views */,
			);
			path = Authentication;
			sourceTree = "<group>";
		};
		B4B171F0298C2F3A0037C487 /* ViewModels */ = {
			isa = PBXGroup;
			children = (
				B4D3CB02298DA6290095FCEB /* AuthViewModel.swift */,
			);
			path = ViewModels;
			sourceTree = "<group>";
		};
		B4B171F1298C2F460037C487 /* Views */ = {
			isa = PBXGroup;
			children = (
				B4B171F2298C2F5A0037C487 /* LoginView.swift */,
				B4B171F4298C2F640037C487 /* RegistrationView.swift */,
			);
			path = Views;
			sourceTree = "<group>";
		};
		B4CC95A229914D730038F191 /* Settings */ = {
			isa = PBXGroup;
			children = (
				B4CC95A629914D920038F191 /* Views */,
				B4CC95A529914D880038F191 /* ViewModel */,
			);
			path = Settings;
			sourceTree = "<group>";
		};
		B4CC95A529914D880038F191 /* ViewModel */ = {
			isa = PBXGroup;
			children = (
				B46017D12991834E0057B879 /* SavedLocationViewModel.swift */,
			);
			path = ViewModel;
			sourceTree = "<group>";
		};
		B4CC95A629914D920038F191 /* Views */ = {
			isa = PBXGroup;
			children = (
				B4CC95A329914D830038F191 /* SettingsView.swift */,
			);
			path = Views;
			sourceTree = "<group>";
		};
		B4DA4EDD298AB72C00B10A9A /* Trips */ = {
			isa = PBXGroup;
			children = (
				B4DA4EE0298AB74A00B10A9A /* RideRequestView.swift */,
				B4FB06F42993E7B4004092DA /* AcceptTripView.swift */,
			);
			path = Trips;
			sourceTree = "<group>";
		};
/* End PBXGroup section */

/* Begin PBXNativeTarget section */
		B443C3AE29894DC10010B4D2 /* UberClone */ = {
			isa = PBXNativeTarget;
			buildConfigurationList = B443C3BD29894DC10010B4D2 /* Build configuration list for PBXNativeTarget "UberClone" */;
			buildPhases = (
				B443C3AB29894DC10010B4D2 /* Sources */,
				B443C3AC29894DC10010B4D2 /* Frameworks */,
				B443C3AD29894DC10010B4D2 /* Resources */,
			);
			buildRules = (
			);
			dependencies = (
			);
			name = UberClone;
			packageProductDependencies = (
				B4D3CAFA298DA3E60095FCEB /* FirebaseAuth */,
				B4D3CAFC298DA3E60095FCEB /* FirebaseFirestore */,
				B4D3CAFE298DA3E60095FCEB /* FirebaseFirestoreSwift */,
				B4D3CB00298DA3E60095FCEB /* FirebaseStorage */,
			);
			productName = UberClone;
			productReference = B443C3AF29894DC10010B4D2 /* UberClone.app */;
			productType = "com.apple.product-type.application";
		};
/* End PBXNativeTarget section */

/* Begin PBXProject section */
		B443C3A729894DC10010B4D2 /* Project object */ = {
			isa = PBXProject;
			attributes = {
				BuildIndependentTargetsInParallel = 1;
				LastSwiftUpdateCheck = 1410;
				LastUpgradeCheck = 1410;
				TargetAttributes = {
					B443C3AE29894DC10010B4D2 = {
						CreatedOnToolsVersion = 14.1;
					};
				};
			};
			buildConfigurationList = B443C3AA29894DC10010B4D2 /* Build configuration list for PBXProject "UberClone" */;
			compatibilityVersion = "Xcode 14.0";
			developmentRegion = en;
			hasScannedForEncodings = 0;
			knownRegions = (
				en,
				Base,
			);
			mainGroup = B443C3A629894DC10010B4D2;
			packageReferences = (
				B4D3CAF9298DA3E60095FCEB /* XCRemoteSwiftPackageReference "firebase-ios-sdk" */,
			);
			productRefGroup = B443C3B029894DC10010B4D2 /* Products */;
			projectDirPath = "";
			projectRoot = "";
			targets = (
				B443C3AE29894DC10010B4D2 /* UberClone */,
			);
		};
/* End PBXProject section */

/* Begin PBXResourcesBuildPhase section */
		B443C3AD29894DC10010B4D2 /* Resources */ = {
			isa = PBXResourcesBuildPhase;
			buildActionMask = 2147483647;
			files = (
				B443C3BA29894DC10010B4D2 /* Preview Assets.xcassets in Resources */,
				B443C3B729894DC10010B4D2 /* Assets.xcassets in Resources */,
				B46017D029917C7C0057B879 /* GoogleService-Info.plist in Resources */,
			);
			runOnlyForDeploymentPostprocessing = 0;
		};
/* End PBXResourcesBuildPhase section */

/* Begin PBXSourcesBuildPhase section */
		B443C3AB29894DC10010B4D2 /* Sources */ = {
			isa = PBXSourcesBuildPhase;
			buildActionMask = 2147483647;
			files = (
				B443C3D829895D610010B4D2 /* LocationSearchView.swift in Sources */,
				B4A98FF6298F01F700599A93 /* SideMenuView.swift in Sources */,
				B443C3CC298950F30010B4D2 /* LocationManager.swift in Sources */,
				B41A35BC299534A8003B4E12 /* Trip.swift in Sources */,
				B46017D22991834E0057B879 /* SavedLocationViewModel.swift in Sources */,
				B46017D42991862D0057B879 /* SavedLocationSearchView.swift in Sources */,
				B4DA4EE1298AB74A00B10A9A /* RideRequestView.swift in Sources */,
				B41E9DF3298C045F00ADF648 /* Double.swift in Sources */,
				B4B171F5298C2F640037C487 /* RegistrationView.swift in Sources */,
				B4DA4EDC298AA90000B10A9A /* MapViewState.swift in Sources */,
				B443C3D629895BD20010B4D2 /* MapViewActionButton.swift in Sources */,
				B4D3CB03298DA6290095FCEB /* AuthViewModel.swift in Sources */,
				B4018706298F2789003A21A5 /* SideMenuOptionViewModel.swift in Sources */,
				B443C3B329894DC10010B4D2 /* UberCloneApp.swift in Sources */,
				B42E32E329957BBD00A64028 /* GeoPoint.swift in Sources */,
				B4B171EE298C29090037C487 /* Color.swift in Sources */,
				B46017D629918C6B0057B879 /* LocationSearchResultsView.swift in Sources */,
				B476D56D2992BCCC007BAAE5 /* SavedLocation.swift in Sources */,
				B476D56F2992C947007BAAE5 /* DeveloperPreview.swift in Sources */,
				B41D37482992DFE400714A59 /* DriverAnnotation.swift in Sources */,
				B443C3CA29894EDA0010B4D2 /* UberMapViewRepresentable.swift in Sources */,
				B443C3C829894E8B0010B4D2 /* HomeView.swift in Sources */,
				B41E9DF5298C075800ADF648 /* UberLocation.swift in Sources */,
				B443C3D229895A7E0010B4D2 /* LocationSearchActivationView.swift in Sources */,
				B443C3DA298960210010B4D2 /* LocationSearchResultCell.swift in Sources */,
				B476D5712992D146007BAAE5 /* HomeViewModel.swift in Sources */,
				B4FB06F52993E7B4004092DA /* AcceptTripView.swift in Sources */,
				B4B171F3298C2F5A0037C487 /* LoginView.swift in Sources */,
				B41D374B2992EA7300714A59 /* UserService.swift in Sources */,
				B42F857B298BF797004A7C24 /* RideType.swift in Sources */,
				B4A98FF1298EFBEF00599A93 /* User.swift in Sources */,
				B4CC95A429914D830038F191 /* SettingsView.swift in Sources */,
			);
			runOnlyForDeploymentPostprocessing = 0;
		};
/* End PBXSourcesBuildPhase section */

/* Begin XCBuildConfiguration section */
		B443C3BB29894DC10010B4D2 /* Debug */ = {
			isa = XCBuildConfiguration;
			buildSettings = {
				ALWAYS_SEARCH_USER_PATHS = NO;
				CLANG_ANALYZER_NONNULL = YES;
				CLANG_ANALYZER_NUMBER_OBJECT_CONVERSION = YES_AGGRESSIVE;
				CLANG_CXX_LANGUAGE_STANDARD = "gnu++20";
				CLANG_ENABLE_MODULES = YES;
				CLANG_ENABLE_OBJC_ARC = YES;
				CLANG_ENABLE_OBJC_WEAK = YES;
				CLANG_WARN_BLOCK_CAPTURE_AUTORELEASING = YES;
				CLANG_WARN_BOOL_CONVERSION = YES;
				CLANG_WARN_COMMA = YES;
				CLANG_WARN_CONSTANT_CONVERSION = YES;
				CLANG_WARN_DEPRECATED_OBJC_IMPLEMENTATIONS = YES;
				CLANG_WARN_DIRECT_OBJC_ISA_USAGE = YES_ERROR;
				CLANG_WARN_DOCUMENTATION_COMMENTS = YES;
				CLANG_WARN_EMPTY_BODY = YES;
				CLANG_WARN_ENUM_CONVERSION = YES;
				CLANG_WARN_INFINITE_RECURSION = YES;
				CLANG_WARN_INT_CONVERSION = YES;
				CLANG_WARN_NON_LITERAL_NULL_CONVERSION = YES;
				CLANG_WARN_OBJC_IMPLICIT_RETAIN_SELF = YES;
				CLANG_WARN_OBJC_LITERAL_CONVERSION = YES;
				CLANG_WARN_OBJC_ROOT_CLASS = YES_ERROR;
				CLANG_WARN_QUOTED_INCLUDE_IN_FRAMEWORK_HEADER = YES;
				CLANG_WARN_RANGE_LOOP_ANALYSIS = YES;
				CLANG_WARN_STRICT_PROTOTYPES = YES;
				CLANG_WARN_SUSPICIOUS_MOVE = YES;
				CLANG_WARN_UNGUARDED_AVAILABILITY = YES_AGGRESSIVE;
				CLANG_WARN_UNREACHABLE_CODE = YES;
				CLANG_WARN__DUPLICATE_METHOD_MATCH = YES;
				COPY_PHASE_STRIP = NO;
				DEBUG_INFORMATION_FORMAT = dwarf;
				ENABLE_STRICT_OBJC_MSGSEND = YES;
				ENABLE_TESTABILITY = YES;
				GCC_C_LANGUAGE_STANDARD = gnu11;
				GCC_DYNAMIC_NO_PIC = NO;
				GCC_NO_COMMON_BLOCKS = YES;
				GCC_OPTIMIZATION_LEVEL = 0;
				GCC_PREPROCESSOR_DEFINITIONS = (
					"DEBUG=1",
					"$(inherited)",
				);
				GCC_WARN_64_TO_32_BIT_CONVERSION = YES;
				GCC_WARN_ABOUT_RETURN_TYPE = YES_ERROR;
				GCC_WARN_UNDECLARED_SELECTOR = YES;
				GCC_WARN_UNINITIALIZED_AUTOS = YES_AGGRESSIVE;
				GCC_WARN_UNUSED_FUNCTION = YES;
				GCC_WARN_UNUSED_VARIABLE = YES;
				IPHONEOS_DEPLOYMENT_TARGET = 16.1;
				MTL_ENABLE_DEBUG_INFO = INCLUDE_SOURCE;
				MTL_FAST_MATH = YES;
				ONLY_ACTIVE_ARCH = YES;
				SDKROOT = iphoneos;
				SWIFT_ACTIVE_COMPILATION_CONDITIONS = DEBUG;
				SWIFT_OPTIMIZATION_LEVEL = "-Onone";
			};
			name = Debug;
		};
		B443C3BC29894DC10010B4D2 /* Release */ = {
			isa = XCBuildConfiguration;
			buildSettings = {
				ALWAYS_SEARCH_USER_PATHS = NO;
				CLANG_ANALYZER_NONNULL = YES;
				CLANG_ANALYZER_NUMBER_OBJECT_CONVERSION = YES_AGGRESSIVE;
				CLANG_CXX_LANGUAGE_STANDARD = "gnu++20";
				CLANG_ENABLE_MODULES = YES;
				CLANG_ENABLE_OBJC_ARC = YES;
				CLANG_ENABLE_OBJC_WEAK = YES;
				CLANG_WARN_BLOCK_CAPTURE_AUTORELEASING = YES;
				CLANG_WARN_BOOL_CONVERSION = YES;
				CLANG_WARN_COMMA = YES;
				CLANG_WARN_CONSTANT_CONVERSION = YES;
				CLANG_WARN_DEPRECATED_OBJC_IMPLEMENTATIONS = YES;
				CLANG_WARN_DIRECT_OBJC_ISA_USAGE = YES_ERROR;
				CLANG_WARN_DOCUMENTATION_COMMENTS = YES;
				CLANG_WARN_EMPTY_BODY = YES;
				CLANG_WARN_ENUM_CONVERSION = YES;
				CLANG_WARN_INFINITE_RECURSION = YES;
				CLANG_WARN_INT_CONVERSION = YES;
				CLANG_WARN_NON_LITERAL_NULL_CONVERSION = YES;
				CLANG_WARN_OBJC_IMPLICIT_RETAIN_SELF = YES;
				CLANG_WARN_OBJC_LITERAL_CONVERSION = YES;
				CLANG_WARN_OBJC_ROOT_CLASS = YES_ERROR;
				CLANG_WARN_QUOTED_INCLUDE_IN_FRAMEWORK_HEADER = YES;
				CLANG_WARN_RANGE_LOOP_ANALYSIS = YES;
				CLANG_WARN_STRICT_PROTOTYPES = YES;
				CLANG_WARN_SUSPICIOUS_MOVE = YES;
				CLANG_WARN_UNGUARDED_AVAILABILITY = YES_AGGRESSIVE;
				CLANG_WARN_UNREACHABLE_CODE = YES;
				CLANG_WARN__DUPLICATE_METHOD_MATCH = YES;
				COPY_PHASE_STRIP = NO;
				DEBUG_INFORMATION_FORMAT = "dwarf-with-dsym";
				ENABLE_NS_ASSERTIONS = NO;
				ENABLE_STRICT_OBJC_MSGSEND = YES;
				GCC_C_LANGUAGE_STANDARD = gnu11;
				GCC_NO_COMMON_BLOCKS = YES;
				GCC_WARN_64_TO_32_BIT_CONVERSION = YES;
				GCC_WARN_ABOUT_RETURN_TYPE = YES_ERROR;
				GCC_WARN_UNDECLARED_SELECTOR = YES;
				GCC_WARN_UNINITIALIZED_AUTOS = YES_AGGRESSIVE;
				GCC_WARN_UNUSED_FUNCTION = YES;
				GCC_WARN_UNUSED_VARIABLE = YES;
				IPHONEOS_DEPLOYMENT_TARGET = 16.1;
				MTL_ENABLE_DEBUG_INFO = NO;
				MTL_FAST_MATH = YES;
				SDKROOT = iphoneos;
				SWIFT_COMPILATION_MODE = wholemodule;
				SWIFT_OPTIMIZATION_LEVEL = "-O";
				VALIDATE_PRODUCT = YES;
			};
			name = Release;
		};
		B443C3BE29894DC10010B4D2 /* Debug */ = {
			isa = XCBuildConfiguration;
			buildSettings = {
				ASSETCATALOG_COMPILER_APPICON_NAME = AppIcon;
				ASSETCATALOG_COMPILER_GLOBAL_ACCENT_COLOR_NAME = AccentColor;
				CODE_SIGN_STYLE = Automatic;
				CURRENT_PROJECT_VERSION = 1;
				DEVELOPMENT_ASSET_PATHS = "\"UberClone/Preview Content\"";
				DEVELOPMENT_TEAM = 9YRW6AKFZ7;
				ENABLE_PREVIEWS = YES;
				GENERATE_INFOPLIST_FILE = YES;
				INFOPLIST_KEY_NSLocationWhenInUseUsageDescription = "Please allow us to access your location to find nearby drivers & routes.";
				INFOPLIST_KEY_UIApplicationSceneManifest_Generation = YES;
				INFOPLIST_KEY_UIApplicationSupportsIndirectInputEvents = YES;
				INFOPLIST_KEY_UILaunchScreen_Generation = YES;
				INFOPLIST_KEY_UISupportedInterfaceOrientations_iPad = "UIInterfaceOrientationPortrait UIInterfaceOrientationPortraitUpsideDown UIInterfaceOrientationLandscapeLeft UIInterfaceOrientationLandscapeRight";
				INFOPLIST_KEY_UISupportedInterfaceOrientations_iPhone = "UIInterfaceOrientationPortrait UIInterfaceOrientationLandscapeLeft UIInterfaceOrientationLandscapeRight";
				LD_RUNPATH_SEARCH_PATHS = (
					"$(inherited)",
					"@executable_path/Frameworks",
				);
				MARKETING_VERSION = 1.0;
				PRODUCT_BUNDLE_IDENTIFIER = co.diasGustaavo.UberClone;
				PRODUCT_NAME = "$(TARGET_NAME)";
				SWIFT_EMIT_LOC_STRINGS = YES;
				SWIFT_VERSION = 5.0;
				TARGETED_DEVICE_FAMILY = "1,2";
			};
			name = Debug;
		};
		B443C3BF29894DC10010B4D2 /* Release */ = {
			isa = XCBuildConfiguration;
			buildSettings = {
				ASSETCATALOG_COMPILER_APPICON_NAME = AppIcon;
				ASSETCATALOG_COMPILER_GLOBAL_ACCENT_COLOR_NAME = AccentColor;
				CODE_SIGN_STYLE = Automatic;
				CURRENT_PROJECT_VERSION = 1;
				DEVELOPMENT_ASSET_PATHS = "\"UberClone/Preview Content\"";
				DEVELOPMENT_TEAM = 9YRW6AKFZ7;
				ENABLE_PREVIEWS = YES;
				GENERATE_INFOPLIST_FILE = YES;
				INFOPLIST_KEY_NSLocationWhenInUseUsageDescription = "Please allow us to access your location to find nearby drivers & routes.";
				INFOPLIST_KEY_UIApplicationSceneManifest_Generation = YES;
				INFOPLIST_KEY_UIApplicationSupportsIndirectInputEvents = YES;
				INFOPLIST_KEY_UILaunchScreen_Generation = YES;
				INFOPLIST_KEY_UISupportedInterfaceOrientations_iPad = "UIInterfaceOrientationPortrait UIInterfaceOrientationPortraitUpsideDown UIInterfaceOrientationLandscapeLeft UIInterfaceOrientationLandscapeRight";
				INFOPLIST_KEY_UISupportedInterfaceOrientations_iPhone = "UIInterfaceOrientationPortrait UIInterfaceOrientationLandscapeLeft UIInterfaceOrientationLandscapeRight";
				LD_RUNPATH_SEARCH_PATHS = (
					"$(inherited)",
					"@executable_path/Frameworks",
				);
				MARKETING_VERSION = 1.0;
				PRODUCT_BUNDLE_IDENTIFIER = co.diasGustaavo.UberClone;
				PRODUCT_NAME = "$(TARGET_NAME)";
				SWIFT_EMIT_LOC_STRINGS = YES;
				SWIFT_VERSION = 5.0;
				TARGETED_DEVICE_FAMILY = "1,2";
			};
			name = Release;
		};
/* End XCBuildConfiguration section */

/* Begin XCConfigurationList section */
		B443C3AA29894DC10010B4D2 /* Build configuration list for PBXProject "UberClone" */ = {
			isa = XCConfigurationList;
			buildConfigurations = (
				B443C3BB29894DC10010B4D2 /* Debug */,
				B443C3BC29894DC10010B4D2 /* Release */,
			);
			defaultConfigurationIsVisible = 0;
			defaultConfigurationName = Release;
		};
		B443C3BD29894DC10010B4D2 /* Build configuration list for PBXNativeTarget "UberClone" */ = {
			isa = XCConfigurationList;
			buildConfigurations = (
				B443C3BE29894DC10010B4D2 /* Debug */,
				B443C3BF29894DC10010B4D2 /* Release */,
			);
			defaultConfigurationIsVisible = 0;
			defaultConfigurationName = Release;
		};
/* End XCConfigurationList section */

/* Begin XCRemoteSwiftPackageReference section */
		B4D3CAF9298DA3E60095FCEB /* XCRemoteSwiftPackageReference "firebase-ios-sdk" */ = {
			isa = XCRemoteSwiftPackageReference;
			repositoryURL = "https://github.com/firebase/firebase-ios-sdk";
			requirement = {
				branch = master;
				kind = branch;
			};
		};
/* End XCRemoteSwiftPackageReference section */

/* Begin XCSwiftPackageProductDependency section */
		B4D3CAFA298DA3E60095FCEB /* FirebaseAuth */ = {
			isa = XCSwiftPackageProductDependency;
			package = B4D3CAF9298DA3E60095FCEB /* XCRemoteSwiftPackageReference "firebase-ios-sdk" */;
			productName = FirebaseAuth;
		};
		B4D3CAFC298DA3E60095FCEB /* FirebaseFirestore */ = {
			isa = XCSwiftPackageProductDependency;
			package = B4D3CAF9298DA3E60095FCEB /* XCRemoteSwiftPackageReference "firebase-ios-sdk" */;
			productName = FirebaseFirestore;
		};
		B4D3CAFE298DA3E60095FCEB /* FirebaseFirestoreSwift */ = {
			isa = XCSwiftPackageProductDependency;
			package = B4D3CAF9298DA3E60095FCEB /* XCRemoteSwiftPackageReference "firebase-ios-sdk" */;
			productName = FirebaseFirestoreSwift;
		};
		B4D3CB00298DA3E60095FCEB /* FirebaseStorage */ = {
			isa = XCSwiftPackageProductDependency;
			package = B4D3CAF9298DA3E60095FCEB /* XCRemoteSwiftPackageReference "firebase-ios-sdk" */;
			productName = FirebaseStorage;
		};
/* End XCSwiftPackageProductDependency section */
	};
	rootObject = B443C3A729894DC10010B4D2 /* Project object */;
}
